
Microsoft Visual Studio Solution File, Format Version 11.00
# Visual Studio 2010
Project("{FAE04EC0-301F-11D3-BF4B-00C04F79EFBC}") = "XMLDatabase.Core", "XDatabase.Core\XMLDatabase.Core.csproj", "{71DA40A9-971B-47D7-9565-725F35A8C4A5}"
EndProject
Project("{FAE04EC0-301F-11D3-BF4B-00C04F79EFBC}") = "Jade.ConfigTool", "Jade.ConfigTool\Jade.ConfigTool.csproj", "{86A3E115-4156-4408-A58F-EFB7D65E62F1}"
EndProject
Project("{FAE04EC0-301F-11D3-BF4B-00C04F79EFBC}") = "Jade.Core", "Jade.Core\Jade.Core.csproj", "{96867F39-1302-4088-A360-FC6E1C38F34A}"
EndProject
Project("{FAE04EC0-301F-11D3-BF4B-00C04F79EFBC}") = "Jade.AHExam", "Jade.AHExam\Jade.AHExam.csproj", "{30A164D6-9C2F-4307-BC5E-11C8F0789B98}"
EndProject
Project("{FAE04EC0-301F-11D3-BF4B-00C04F79EFBC}") = "Jade.Reg", "Jade.Reg\Jade.Reg.csproj", "{45CF2442-BC74-41B8-85F2-D853D7F0CBF2}"
EndProject
Project("{8BC9CEB8-8B4A-11D0-8D11-00A0C91BC942}") = "Loader", "Loader\Loader.vcxproj", "{496F7984-EB65-40FE-B9C2-2C00730D6C48}"
EndProject
Project("{FAE04EC0-301F-11D3-BF4B-00C04F79EFBC}") = "Jade.CQA", "Jade.CQA\Jade.CQA.csproj", "{479FC403-5013-4CDC-9AD0-F9696FE0C168}"
EndProject
Project("{FAE04EC0-301F-11D3-BF4B-00C04F79EFBC}") = "Jade.CQA.Robot", "Jade.CQA.Robot\Jade.CQA.Robot.csproj", "{582823CF-5750-4A0D-82B0-474C00F01B20}"
EndProject
Project("{2150E333-8FDC-42A3-9474-1A3956D46DE8}") = "CQA", "CQA", "{651CACB7-8ABD-457D-AA18-71C41F3E46CE}"
EndProject
Project("{2150E333-8FDC-42A3-9474-1A3956D46DE8}") = "ConfigTool", "ConfigTool", "{06E70D51-2B90-477C-9CD2-EAF597D1727D}"
EndProject
Project("{2150E333-8FDC-42A3-9474-1A3956D46DE8}") = "AHExam", "AHExam", "{8FAB6F3E-E80D-4782-A41D-6EF2244B9CA2}"
EndProject
Project("{FAE04EC0-301F-11D3-BF4B-00C04F79EFBC}") = "Jade.CQA.KnowedegProcesser", "Jade.CQA.KnowedegProcesser\Jade.CQA.KnowedegProcesser.csproj", "{ABE80585-1451-4247-A3D5-0814167CDA2D}"
EndProject
Global
	GlobalSection(SolutionConfigurationPlatforms) = preSolution
		Debug|Any CPU = Debug|Any CPU
		Debug|Mixed Platforms = Debug|Mixed Platforms
		Debug|Win32 = Debug|Win32
		Debug|x86 = Debug|x86
		Release|Any CPU = Release|Any CPU
		Release|Mixed Platforms = Release|Mixed Platforms
		Release|Win32 = Release|Win32
		Release|x86 = Release|x86
	EndGlobalSection
	GlobalSection(ProjectConfigurationPlatforms) = postSolution
		{71DA40A9-971B-47D7-9565-725F35A8C4A5}.Debug|Any CPU.ActiveCfg = Debug|Any CPU
		{71DA40A9-971B-47D7-9565-725F35A8C4A5}.Debug|Any CPU.Build.0 = Debug|Any CPU
		{71DA40A9-971B-47D7-9565-725F35A8C4A5}.Debug|Mixed Platforms.ActiveCfg = Debug|Any CPU
		{71DA40A9-971B-47D7-9565-725F35A8C4A5}.Debug|Mixed Platforms.Build.0 = Debug|Any CPU
		{71DA40A9-971B-47D7-9565-725F35A8C4A5}.Debug|Win32.ActiveCfg = Debug|Any CPU
		{71DA40A9-971B-47D7-9565-725F35A8C4A5}.Debug|x86.ActiveCfg = Debug|Any CPU
		{71DA40A9-971B-47D7-9565-725F35A8C4A5}.Release|Any CPU.ActiveCfg = Release|Any CPU
		{71DA40A9-971B-47D7-9565-725F35A8C4A5}.Release|Any CPU.Build.0 = Release|Any CPU
		{71DA40A9-971B-47D7-9565-725F35A8C4A5}.Release|Mixed Platforms.ActiveCfg = Release|Any CPU
		{71DA40A9-971B-47D7-9565-725F35A8C4A5}.Release|Win32.ActiveCfg = Release|Any CPU
		{71DA40A9-971B-47D7-9565-725F35A8C4A5}.Release|x86.ActiveCfg = Release|Any CPU
		{86A3E115-4156-4408-A58F-EFB7D65E62F1}.Debug|Any CPU.ActiveCfg = Debug|Any CPU
		{86A3E115-4156-4408-A58F-EFB7D65E62F1}.Debug|Any CPU.Build.0 = Debug|Any CPU
		{86A3E115-4156-4408-A58F-EFB7D65E62F1}.Debug|Mixed Platforms.ActiveCfg = Debug|Any CPU
		{86A3E115-4156-4408-A58F-EFB7D65E62F1}.Debug|Mixed Platforms.Build.0 = Debug|Any CPU
		{86A3E115-4156-4408-A58F-EFB7D65E62F1}.Debug|Win32.ActiveCfg = Debug|Any CPU
		{86A3E115-4156-4408-A58F-EFB7D65E62F1}.Debug|x86.ActiveCfg = Debug|Any CPU
		{86A3E115-4156-4408-A58F-EFB7D65E62F1}.Release|Any CPU.ActiveCfg = Release|Any CPU
		{86A3E115-4156-4408-A58F-EFB7D65E62F1}.Release|Any CPU.Build.0 = Release|Any CPU
		{86A3E115-4156-4408-A58F-EFB7D65E62F1}.Release|Mixed Platforms.ActiveCfg = Release|Any CPU
		{86A3E115-4156-4408-A58F-EFB7D65E62F1}.Release|Win32.ActiveCfg = Release|Any CPU
		{86A3E115-4156-4408-A58F-EFB7D65E62F1}.Release|x86.ActiveCfg = Release|Any CPU
		{96867F39-1302-4088-A360-FC6E1C38F34A}.Debug|Any CPU.ActiveCfg = Debug|Any CPU
		{96867F39-1302-4088-A360-FC6E1C38F34A}.Debug|Any CPU.Build.0 = Debug|Any CPU
		{96867F39-1302-4088-A360-FC6E1C38F34A}.Debug|Mixed Platforms.ActiveCfg = Debug|Any CPU
		{96867F39-1302-4088-A360-FC6E1C38F34A}.Debug|Mixed Platforms.Build.0 = Debug|Any CPU
		{96867F39-1302-4088-A360-FC6E1C38F34A}.Debug|Win32.ActiveCfg = Debug|Any CPU
		{96867F39-1302-4088-A360-FC6E1C38F34A}.Debug|x86.ActiveCfg = Debug|Any CPU
		{96867F39-1302-4088-A360-FC6E1C38F34A}.Release|Any CPU.ActiveCfg = Release|Any CPU
		{96867F39-1302-4088-A360-FC6E1C38F34A}.Release|Any CPU.Build.0 = Release|Any CPU
		{96867F39-1302-4088-A360-FC6E1C38F34A}.Release|Mixed Platforms.ActiveCfg = Release|Any CPU
		{96867F39-1302-4088-A360-FC6E1C38F34A}.Release|Win32.ActiveCfg = Release|Any CPU
		{96867F39-1302-4088-A360-FC6E1C38F34A}.Release|x86.ActiveCfg = Release|Any CPU
		{30A164D6-9C2F-4307-BC5E-11C8F0789B98}.Debug|Any CPU.ActiveCfg = Debug|x86
		{30A164D6-9C2F-4307-BC5E-11C8F0789B98}.Debug|Mixed Platforms.ActiveCfg = Debug|x86
		{30A164D6-9C2F-4307-BC5E-11C8F0789B98}.Debug|Mixed Platforms.Build.0 = Debug|x86
		{30A164D6-9C2F-4307-BC5E-11C8F0789B98}.Debug|Win32.ActiveCfg = Debug|x86
		{30A164D6-9C2F-4307-BC5E-11C8F0789B98}.Debug|x86.ActiveCfg = Debug|x86
		{30A164D6-9C2F-4307-BC5E-11C8F0789B98}.Debug|x86.Build.0 = Debug|x86
		{30A164D6-9C2F-4307-BC5E-11C8F0789B98}.Release|Any CPU.ActiveCfg = Release|x86
		{30A164D6-9C2F-4307-BC5E-11C8F0789B98}.Release|Mixed Platforms.ActiveCfg = Release|x86
		{30A164D6-9C2F-4307-BC5E-11C8F0789B98}.Release|Win32.ActiveCfg = Release|x86
		{30A164D6-9C2F-4307-BC5E-11C8F0789B98}.Release|x86.ActiveCfg = Release|x86
		{45CF2442-BC74-41B8-85F2-D853D7F0CBF2}.Debug|Any CPU.ActiveCfg = Debug|x86
		{45CF2442-BC74-41B8-85F2-D853D7F0CBF2}.Debug|Mixed Platforms.ActiveCfg = Debug|x86
		{45CF2442-BC74-41B8-85F2-D853D7F0CBF2}.Debug|Mixed Platforms.Build.0 = Debug|x86
		{45CF2442-BC74-41B8-85F2-D853D7F0CBF2}.Debug|Win32.ActiveCfg = Debug|x86
		{45CF2442-BC74-41B8-85F2-D853D7F0CBF2}.Debug|x86.ActiveCfg = Debug|x86
		{45CF2442-BC74-41B8-85F2-D853D7F0CBF2}.Debug|x86.Build.0 = Debug|x86
		{45CF2442-BC74-41B8-85F2-D853D7F0CBF2}.Release|Any CPU.ActiveCfg = Release|x86
		{45CF2442-BC74-41B8-85F2-D853D7F0CBF2}.Release|Mixed Platforms.ActiveCfg = Release|x86
		{45CF2442-BC74-41B8-85F2-D853D7F0CBF2}.Release|Win32.ActiveCfg = Release|x86
		{45CF2442-BC74-41B8-85F2-D853D7F0CBF2}.Release|x86.ActiveCfg = Release|x86
		{496F7984-EB65-40FE-B9C2-2C00730D6C48}.Debug|Any CPU.ActiveCfg = Debug|Win32
		{496F7984-EB65-40FE-B9C2-2C00730D6C48}.Debug|Mixed Platforms.ActiveCfg = Debug|Win32
		{496F7984-EB65-40FE-B9C2-2C00730D6C48}.Debug|Mixed Platforms.Build.0 = Debug|Win32
		{496F7984-EB65-40FE-B9C2-2C00730D6C48}.Debug|Win32.ActiveCfg = Debug|Win32
		{496F7984-EB65-40FE-B9C2-2C00730D6C48}.Debug|Win32.Build.0 = Debug|Win32
		{496F7984-EB65-40FE-B9C2-2C00730D6C48}.Debug|x86.ActiveCfg = Debug|Win32
		{496F7984-EB65-40FE-B9C2-2C00730D6C48}.Release|Any CPU.ActiveCfg = Release|Win32
		{496F7984-EB65-40FE-B9C2-2C00730D6C48}.Release|Mixed Platforms.ActiveCfg = Release|Win32
		{496F7984-EB65-40FE-B9C2-2C00730D6C48}.Release|Mixed Platforms.Build.0 = Release|Win32
		{496F7984-EB65-40FE-B9C2-2C00730D6C48}.Release|Win32.ActiveCfg = Release|Win32
		{496F7984-EB65-40FE-B9C2-2C00730D6C48}.Release|Win32.Build.0 = Release|Win32
		{496F7984-EB65-40FE-B9C2-2C00730D6C48}.Release|x86.ActiveCfg = Release|Win32
		{479FC403-5013-4CDC-9AD0-F9696FE0C168}.Debug|Any CPU.ActiveCfg = Debug|x86
		{479FC403-5013-4CDC-9AD0-F9696FE0C168}.Debug|Mixed Platforms.ActiveCfg = Debug|x86
		{479FC403-5013-4CDC-9AD0-F9696FE0C168}.Debug|Mixed Platforms.Build.0 = Debug|x86
		{479FC403-5013-4CDC-9AD0-F9696FE0C168}.Debug|Win32.ActiveCfg = Debug|x86
		{479FC403-5013-4CDC-9AD0-F9696FE0C168}.Debug|x86.ActiveCfg = Debug|x86
		{479FC403-5013-4CDC-9AD0-F9696FE0C168}.Debug|x86.Build.0 = Debug|x86
		{479FC403-5013-4CDC-9AD0-F9696FE0C168}.Release|Any CPU.ActiveCfg = Release|x86
		{479FC403-5013-4CDC-9AD0-F9696FE0C168}.Release|Mixed Platforms.ActiveCfg = Release|x86
		{479FC403-5013-4CDC-9AD0-F9696FE0C168}.Release|Win32.ActiveCfg = Release|x86
		{479FC403-5013-4CDC-9AD0-F9696FE0C168}.Release|x86.ActiveCfg = Release|x86
		{479FC403-5013-4CDC-9AD0-F9696FE0C168}.Release|x86.Build.0 = Release|x86
		{582823CF-5750-4A0D-82B0-474C00F01B20}.Debug|Any CPU.ActiveCfg = Debug|Any CPU
		{582823CF-5750-4A0D-82B0-474C00F01B20}.Debug|Any CPU.Build.0 = Debug|Any CPU
		{582823CF-5750-4A0D-82B0-474C00F01B20}.Debug|Mixed Platforms.ActiveCfg = Debug|Any CPU
		{582823CF-5750-4A0D-82B0-474C00F01B20}.Debug|Mixed Platforms.Build.0 = Debug|Any CPU
		{582823CF-5750-4A0D-82B0-474C00F01B20}.Debug|Win32.ActiveCfg = Debug|Any CPU
		{582823CF-5750-4A0D-82B0-474C00F01B20}.Debug|x86.ActiveCfg = Debug|Any CPU
		{582823CF-5750-4A0D-82B0-474C00F01B20}.Release|Any CPU.ActiveCfg = Release|Any CPU
		{582823CF-5750-4A0D-82B0-474C00F01B20}.Release|Any CPU.Build.0 = Release|Any CPU
		{582823CF-5750-4A0D-82B0-474C00F01B20}.Release|Mixed Platforms.ActiveCfg = Release|Any CPU
		{582823CF-5750-4A0D-82B0-474C00F01B20}.Release|Win32.ActiveCfg = Release|Any CPU
		{582823CF-5750-4A0D-82B0-474C00F01B20}.Release|x86.ActiveCfg = Release|Any CPU
		{582823CF-5750-4A0D-82B0-474C00F01B20}.Release|x86.Build.0 = Release|Any CPU
		{ABE80585-1451-4247-A3D5-0814167CDA2D}.Debug|Any CPU.ActiveCfg = Debug|Any CPU
		{ABE80585-1451-4247-A3D5-0814167CDA2D}.Debug|Any CPU.Build.0 = Debug|Any CPU
		{ABE80585-1451-4247-A3D5-0814167CDA2D}.Debug|Mixed Platforms.ActiveCfg = Debug|Any CPU
		{ABE80585-1451-4247-A3D5-0814167CDA2D}.Debug|Mixed Platforms.Build.0 = Debug|Any CPU
		{ABE80585-1451-4247-A3D5-0814167CDA2D}.Debug|Win32.ActiveCfg = Debug|Any CPU
		{ABE80585-1451-4247-A3D5-0814167CDA2D}.Debug|x86.ActiveCfg = Debug|Any CPU
		{ABE80585-1451-4247-A3D5-0814167CDA2D}.Release|Any CPU.ActiveCfg = Release|Any CPU
		{ABE80585-1451-4247-A3D5-0814167CDA2D}.Release|Any CPU.Build.0 = Release|Any CPU
		{ABE80585-1451-4247-A3D5-0814167CDA2D}.Release|Mixed Platforms.ActiveCfg = Release|Any CPU
		{ABE80585-1451-4247-A3D5-0814167CDA2D}.Release|Win32.ActiveCfg = Release|Any CPU
		{ABE80585-1451-4247-A3D5-0814167CDA2D}.Release|x86.ActiveCfg = Release|Any CPU
		{ABE80585-1451-4247-A3D5-0814167CDA2D}.Release|x86.Build.0 = Release|Any CPU
	EndGlobalSection
	GlobalSection(SolutionProperties) = preSolution
		HideSolutionNode = FALSE
	EndGlobalSection
	GlobalSection(NestedProjects) = preSolution
		{86A3E115-4156-4408-A58F-EFB7D65E62F1} = {06E70D51-2B90-477C-9CD2-EAF597D1727D}
		{96867F39-1302-4088-A360-FC6E1C38F34A} = {06E70D51-2B90-477C-9CD2-EAF597D1727D}
		{71DA40A9-971B-47D7-9565-725F35A8C4A5} = {06E70D51-2B90-477C-9CD2-EAF597D1727D}
		{45CF2442-BC74-41B8-85F2-D853D7F0CBF2} = {8FAB6F3E-E80D-4782-A41D-6EF2244B9CA2}
		{30A164D6-9C2F-4307-BC5E-11C8F0789B98} = {8FAB6F3E-E80D-4782-A41D-6EF2244B9CA2}
		{582823CF-5750-4A0D-82B0-474C00F01B20} = {651CACB7-8ABD-457D-AA18-71C41F3E46CE}
		{479FC403-5013-4CDC-9AD0-F9696FE0C168} = {651CACB7-8ABD-457D-AA18-71C41F3E46CE}
		{ABE80585-1451-4247-A3D5-0814167CDA2D} = {651CACB7-8ABD-457D-AA18-71C41F3E46CE}
	EndGlobalSection
	GlobalSection(ExtensibilityGlobals) = postSolution
		VisualSVNWorkingCopyRoot = .
	EndGlobalSection
EndGlobal
